{
  "name": "@vishal2612200/agentpack",
  "version": "0.3.36",
  "lockfileVersion": 3,
  "requires": true,
  "packages": {
    "": {
      "name": "@vishal2612200/agentpack",
      "version": "0.3.36",
      "license": "MIT",
      "bin": {
        "agentpack": "bin/agentpack.js"
      },
      "engines": {
        "node": ">=18"
      }
    }
  }
}
